// !$*UTF8*$!
{
	archiveVersion = 1;
	classes = {
	};
	objectVersion = 46;
	objects = {

/* Begin PBXBuildFile section */
		22A71B235F10798209FC89A0 /* Pods_BaseMap.framework in Frameworks */ = {isa = PBXBuildFile; fileRef = 03A850E115B97053C3E8FC62 /* Pods_BaseMap.framework */; };
		7246C56B5AE9A7D216769C81 /* Pods_BaseMapUITests.framework in Frameworks */ = {isa = PBXBuildFile; fileRef = A4791AEEFED1FD52667ED8FC /* Pods_BaseMapUITests.framework */; };
		A6983449F2C7B763E9CADB4E /* Pods_BaseMapTests.framework in Frameworks */ = {isa = PBXBuildFile; fileRef = C9F9E80A30CD207E602FCFA3 /* Pods_BaseMapTests.framework */; };
		D603E7E61EF08EEE00252EB5 /* Parser.swift in Sources */ = {isa = PBXBuildFile; fileRef = D603E7E51EF08EEE00252EB5 /* Parser.swift */; };
		D6699A8D1EECFACF0068472E /* AppDelegate.swift in Sources */ = {isa = PBXBuildFile; fileRef = D6699A8C1EECFACF0068472E /* AppDelegate.swift */; };
		D6699A8F1EECFACF0068472E /* ViewController.swift in Sources */ = {isa = PBXBuildFile; fileRef = D6699A8E1EECFACF0068472E /* ViewController.swift */; };
		D6699A921EECFACF0068472E /* Main.storyboard in Resources */ = {isa = PBXBuildFile; fileRef = D6699A901EECFACF0068472E /* Main.storyboard */; };
		D6699A951EECFACF0068472E /* BaseMap.xcdatamodeld in Sources */ = {isa = PBXBuildFile; fileRef = D6699A931EECFACF0068472E /* BaseMap.xcdatamodeld */; };
		D6699A971EECFACF0068472E /* Assets.xcassets in Resources */ = {isa = PBXBuildFile; fileRef = D6699A961EECFACF0068472E /* Assets.xcassets */; };
		D6699A9A1EECFACF0068472E /* LaunchScreen.storyboard in Resources */ = {isa = PBXBuildFile; fileRef = D6699A981EECFACF0068472E /* LaunchScreen.storyboard */; };
		D6699AA51EECFACF0068472E /* BaseMapTests.swift in Sources */ = {isa = PBXBuildFile; fileRef = D6699AA41EECFACF0068472E /* BaseMapTests.swift */; };
		D6699AB01EECFACF0068472E /* BaseMapUITests.swift in Sources */ = {isa = PBXBuildFile; fileRef = D6699AAF1EECFACF0068472E /* BaseMapUITests.swift */; };
		D6699ABE1EECFAFC0068472E /* Bounds.swift in Sources */ = {isa = PBXBuildFile; fileRef = D6699ABD1EECFAFC0068472E /* Bounds.swift */; };
		D6C5A7761EF08CE70000DD18 /* states.xml in Resources */ = {isa = PBXBuildFile; fileRef = D6C5A7751EF08CE70000DD18 /* states.xml */; };
		D6C5A7781EF08CF50000DD18 /* States.swift in Sources */ = {isa = PBXBuildFile; fileRef = D6C5A7771EF08CF50000DD18 /* States.swift */; };
		D6C5A77A1EF08D090000DD18 /* State.swift in Sources */ = {isa = PBXBuildFile; fileRef = D6C5A7791EF08D090000DD18 /* State.swift */; };
/* End PBXBuildFile section */

/* Begin PBXContainerItemProxy section */
		D6699AA11EECFACF0068472E /* PBXContainerItemProxy */ = {
			isa = PBXContainerItemProxy;
			containerPortal = D6699A811EECFACF0068472E /* Project object */;
			proxyType = 1;
			remoteGlobalIDString = D6699A881EECFACF0068472E;
			remoteInfo = BaseMap;
		};
		D6699AAC1EECFACF0068472E /* PBXContainerItemProxy */ = {
			isa = PBXContainerItemProxy;
			containerPortal = D6699A811EECFACF0068472E /* Project object */;
			proxyType = 1;
			remoteGlobalIDString = D6699A881EECFACF0068472E;
			remoteInfo = BaseMap;
		};
/* End PBXContainerItemProxy section */

/* Begin PBXFileReference section */
		03A850E115B97053C3E8FC62 /* Pods_BaseMap.framework */ = {isa = PBXFileReference; explicitFileType = wrapper.framework; includeInIndex = 0; path = Pods_BaseMap.framework; sourceTree = BUILT_PRODUCTS_DIR; };
		0AAA105D0EA04D3F22755B11 /* Pods-BaseMapUITests.release.xcconfig */ = {isa = PBXFileReference; includeInIndex = 1; lastKnownFileType = text.xcconfig; name = "Pods-BaseMapUITests.release.xcconfig"; path = "Pods/Target Support Files/Pods-BaseMapUITests/Pods-BaseMapUITests.release.xcconfig"; sourceTree = "<group>"; };
		1693D074345D55028881DBCD /* Pods-BaseMapTests.debug.xcconfig */ = {isa = PBXFileReference; includeInIndex = 1; lastKnownFileType = text.xcconfig; name = "Pods-BaseMapTests.debug.xcconfig"; path = "Pods/Target Support Files/Pods-BaseMapTests/Pods-BaseMapTests.debug.xcconfig"; sourceTree = "<group>"; };
		3AA924B166FC328EEC044C3C /* Pods-BaseMapUITests.debug.xcconfig */ = {isa = PBXFileReference; includeInIndex = 1; lastKnownFileType = text.xcconfig; name = "Pods-BaseMapUITests.debug.xcconfig"; path = "Pods/Target Support Files/Pods-BaseMapUITests/Pods-BaseMapUITests.debug.xcconfig"; sourceTree = "<group>"; };
		A4791AEEFED1FD52667ED8FC /* Pods_BaseMapUITests.framework */ = {isa = PBXFileReference; explicitFileType = wrapper.framework; includeInIndex = 0; path = Pods_BaseMapUITests.framework; sourceTree = BUILT_PRODUCTS_DIR; };
		C9F9E80A30CD207E602FCFA3 /* Pods_BaseMapTests.framework */ = {isa = PBXFileReference; explicitFileType = wrapper.framework; includeInIndex = 0; path = Pods_BaseMapTests.framework; sourceTree = BUILT_PRODUCTS_DIR; };
		CC596CFAF3E6EDB1D5BCAAAD /* Pods-BaseMap.release.xcconfig */ = {isa = PBXFileReference; includeInIndex = 1; lastKnownFileType = text.xcconfig; name = "Pods-BaseMap.release.xcconfig"; path = "Pods/Target Support Files/Pods-BaseMap/Pods-BaseMap.release.xcconfig"; sourceTree = "<group>"; };
		D603E7E51EF08EEE00252EB5 /* Parser.swift */ = {isa = PBXFileReference; fileEncoding = 4; lastKnownFileType = sourcecode.swift; path = Parser.swift; sourceTree = "<group>"; };
		D6699A891EECFACF0068472E /* BaseMap.app */ = {isa = PBXFileReference; explicitFileType = wrapper.application; includeInIndex = 0; path = BaseMap.app; sourceTree = BUILT_PRODUCTS_DIR; };
		D6699A8C1EECFACF0068472E /* AppDelegate.swift */ = {isa = PBXFileReference; lastKnownFileType = sourcecode.swift; path = AppDelegate.swift; sourceTree = "<group>"; };
		D6699A8E1EECFACF0068472E /* ViewController.swift */ = {isa = PBXFileReference; lastKnownFileType = sourcecode.swift; path = ViewController.swift; sourceTree = "<group>"; };
		D6699A911EECFACF0068472E /* Base */ = {isa = PBXFileReference; lastKnownFileType = file.storyboard; name = Base; path = Base.lproj/Main.storyboard; sourceTree = "<group>"; };
		D6699A941EECFACF0068472E /* BaseMap.xcdatamodel */ = {isa = PBXFileReference; lastKnownFileType = wrapper.xcdatamodel; path = BaseMap.xcdatamodel; sourceTree = "<group>"; };
		D6699A961EECFACF0068472E /* Assets.xcassets */ = {isa = PBXFileReference; lastKnownFileType = folder.assetcatalog; path = Assets.xcassets; sourceTree = "<group>"; };
		D6699A991EECFACF0068472E /* Base */ = {isa = PBXFileReference; lastKnownFileType = file.storyboard; name = Base; path = Base.lproj/LaunchScreen.storyboard; sourceTree = "<group>"; };
		D6699A9B1EECFACF0068472E /* Info.plist */ = {isa = PBXFileReference; lastKnownFileType = text.plist.xml; path = Info.plist; sourceTree = "<group>"; };
		D6699AA01EECFACF0068472E /* BaseMapTests.xctest */ = {isa = PBXFileReference; explicitFileType = wrapper.cfbundle; includeInIndex = 0; path = BaseMapTests.xctest; sourceTree = BUILT_PRODUCTS_DIR; };
		D6699AA41EECFACF0068472E /* BaseMapTests.swift */ = {isa = PBXFileReference; lastKnownFileType = sourcecode.swift; path = BaseMapTests.swift; sourceTree = "<group>"; };
		D6699AA61EECFACF0068472E /* Info.plist */ = {isa = PBXFileReference; lastKnownFileType = text.plist.xml; path = Info.plist; sourceTree = "<group>"; };
		D6699AAB1EECFACF0068472E /* BaseMapUITests.xctest */ = {isa = PBXFileReference; explicitFileType = wrapper.cfbundle; includeInIndex = 0; path = BaseMapUITests.xctest; sourceTree = BUILT_PRODUCTS_DIR; };
		D6699AAF1EECFACF0068472E /* BaseMapUITests.swift */ = {isa = PBXFileReference; lastKnownFileType = sourcecode.swift; path = BaseMapUITests.swift; sourceTree = "<group>"; };
		D6699AB11EECFACF0068472E /* Info.plist */ = {isa = PBXFileReference; lastKnownFileType = text.plist.xml; path = Info.plist; sourceTree = "<group>"; };
		D6699ABD1EECFAFC0068472E /* Bounds.swift */ = {isa = PBXFileReference; fileEncoding = 4; lastKnownFileType = sourcecode.swift; path = Bounds.swift; sourceTree = "<group>"; };
		D6C5A7751EF08CE70000DD18 /* states.xml */ = {isa = PBXFileReference; fileEncoding = 4; lastKnownFileType = text.xml; path = states.xml; sourceTree = "<group>"; };
		D6C5A7771EF08CF50000DD18 /* States.swift */ = {isa = PBXFileReference; fileEncoding = 4; lastKnownFileType = sourcecode.swift; path = States.swift; sourceTree = "<group>"; };
		D6C5A7791EF08D090000DD18 /* State.swift */ = {isa = PBXFileReference; fileEncoding = 4; lastKnownFileType = sourcecode.swift; path = State.swift; sourceTree = "<group>"; };
		F277AB1527BBEE986529E3C5 /* Pods-BaseMapTests.release.xcconfig */ = {isa = PBXFileReference; includeInIndex = 1; lastKnownFileType = text.xcconfig; name = "Pods-BaseMapTests.release.xcconfig"; path = "Pods/Target Support Files/Pods-BaseMapTests/Pods-BaseMapTests.release.xcconfig"; sourceTree = "<group>"; };
		F819D86E07151436CA36FDAB /* Pods-BaseMap.debug.xcconfig */ = {isa = PBXFileReference; includeInIndex = 1; lastKnownFileType = text.xcconfig; name = "Pods-BaseMap.debug.xcconfig"; path = "Pods/Target Support Files/Pods-BaseMap/Pods-BaseMap.debug.xcconfig"; sourceTree = "<group>"; };
/* End PBXFileReference section */

/* Begin PBXFrameworksBuildPhase section */
		D6699A861EECFACF0068472E /* Frameworks */ = {
			isa = PBXFrameworksBuildPhase;
			buildActionMask = 2147483647;
			files = (
				22A71B235F10798209FC89A0 /* Pods_BaseMap.framework in Frameworks */,
			);
			runOnlyForDeploymentPostprocessing = 0;
		};
		D6699A9D1EECFACF0068472E /* Frameworks */ = {
			isa = PBXFrameworksBuildPhase;
			buildActionMask = 2147483647;
			files = (
				A6983449F2C7B763E9CADB4E /* Pods_BaseMapTests.framework in Frameworks */,
			);
			runOnlyForDeploymentPostprocessing = 0;
		};
		D6699AA81EECFACF0068472E /* Frameworks */ = {
			isa = PBXFrameworksBuildPhase;
			buildActionMask = 2147483647;
			files = (
				7246C56B5AE9A7D216769C81 /* Pods_BaseMapUITests.framework in Frameworks */,
			);
			runOnlyForDeploymentPostprocessing = 0;
		};
/* End PBXFrameworksBuildPhase section */

/* Begin PBXGroup section */
		2E0C4950FC0CB90CDFFB762C /* Pods */ = {
			isa = PBXGroup;
			children = (
				F819D86E07151436CA36FDAB /* Pods-BaseMap.debug.xcconfig */,
				CC596CFAF3E6EDB1D5BCAAAD /* Pods-BaseMap.release.xcconfig */,
				1693D074345D55028881DBCD /* Pods-BaseMapTests.debug.xcconfig */,
				F277AB1527BBEE986529E3C5 /* Pods-BaseMapTests.release.xcconfig */,
				3AA924B166FC328EEC044C3C /* Pods-BaseMapUITests.debug.xcconfig */,
				0AAA105D0EA04D3F22755B11 /* Pods-BaseMapUITests.release.xcconfig */,
			);
			name = Pods;
			sourceTree = "<group>";
		};
		C04930E63AE97F2698550DB8 /* Frameworks */ = {
			isa = PBXGroup;
			children = (
				03A850E115B97053C3E8FC62 /* Pods_BaseMap.framework */,
				C9F9E80A30CD207E602FCFA3 /* Pods_BaseMapTests.framework */,
				A4791AEEFED1FD52667ED8FC /* Pods_BaseMapUITests.framework */,
			);
			name = Frameworks;
			sourceTree = "<group>";
		};
		D603E7E71EF0957200252EB5 /* Locations */ = {
			isa = PBXGroup;
			children = (
				D603E7E51EF08EEE00252EB5 /* Parser.swift */,
				D6C5A7771EF08CF50000DD18 /* States.swift */,
				D6C5A7791EF08D090000DD18 /* State.swift */,
			);
			name = Locations;
			sourceTree = "<group>";
		};
		D6699A801EECFACF0068472E = {
			isa = PBXGroup;
			children = (
				D6C5A7751EF08CE70000DD18 /* states.xml */,
				D6699A8B1EECFACF0068472E /* BaseMap */,
				D6699AA31EECFACF0068472E /* BaseMapTests */,
				D6699AAE1EECFACF0068472E /* BaseMapUITests */,
				D6699A8A1EECFACF0068472E /* Products */,
				2E0C4950FC0CB90CDFFB762C /* Pods */,
				C04930E63AE97F2698550DB8 /* Frameworks */,
			);
			sourceTree = "<group>";
		};
		D6699A8A1EECFACF0068472E /* Products */ = {
			isa = PBXGroup;
			children = (
				D6699A891EECFACF0068472E /* BaseMap.app */,
				D6699AA01EECFACF0068472E /* BaseMapTests.xctest */,
				D6699AAB1EECFACF0068472E /* BaseMapUITests.xctest */,
			);
			name = Products;
			sourceTree = "<group>";
		};
		D6699A8B1EECFACF0068472E /* BaseMap */ = {
			isa = PBXGroup;
			children = (
				D6699A8C1EECFACF0068472E /* AppDelegate.swift */,
				D6699ABD1EECFAFC0068472E /* Bounds.swift */,
				D6699A8E1EECFACF0068472E /* ViewController.swift */,
				D6699A901EECFACF0068472E /* Main.storyboard */,
				D6699A961EECFACF0068472E /* Assets.xcassets */,
				D6699A981EECFACF0068472E /* LaunchScreen.storyboard */,
				D6699A9B1EECFACF0068472E /* Info.plist */,
				D6699A931EECFACF0068472E /* BaseMap.xcdatamodeld */,
				D603E7E71EF0957200252EB5 /* Locations */,
			);
			path = BaseMap;
			sourceTree = "<group>";
		};
		D6699AA31EECFACF0068472E /* BaseMapTests */ = {
			isa = PBXGroup;
			children = (
				D6699AA41EECFACF0068472E /* BaseMapTests.swift */,
				D6699AA61EECFACF0068472E /* Info.plist */,
			);
			path = BaseMapTests;
			sourceTree = "<group>";
		};
		D6699AAE1EECFACF0068472E /* BaseMapUITests */ = {
			isa = PBXGroup;
			children = (
				D6699AAF1EECFACF0068472E /* BaseMapUITests.swift */,
				D6699AB11EECFACF0068472E /* Info.plist */,
			);
			path = BaseMapUITests;
			sourceTree = "<group>";
		};
/* End PBXGroup section */

/* Begin PBXNativeTarget section */
		D6699A881EECFACF0068472E /* BaseMap */ = {
			isa = PBXNativeTarget;
			buildConfigurationList = D6699AB41EECFACF0068472E /* Build configuration list for PBXNativeTarget "BaseMap" */;
			buildPhases = (
				794E361CE9B4B1A6E8E03DE9 /* [CP] Check Pods Manifest.lock */,
				D6699A851EECFACF0068472E /* Sources */,
				D6699A861EECFACF0068472E /* Frameworks */,
				D6699A871EECFACF0068472E /* Resources */,
				CE68B00FA3E8F3898BFC4D3B /* [CP] Embed Pods Frameworks */,
				6826AE55B8AB152914C7ACCD /* [CP] Copy Pods Resources */,
			);
			buildRules = (
			);
			dependencies = (
			);
			name = BaseMap;
			productName = BaseMap;
			productReference = D6699A891EECFACF0068472E /* BaseMap.app */;
			productType = "com.apple.product-type.application";
		};
		D6699A9F1EECFACF0068472E /* BaseMapTests */ = {
			isa = PBXNativeTarget;
			buildConfigurationList = D6699AB71EECFACF0068472E /* Build configuration list for PBXNativeTarget "BaseMapTests" */;
			buildPhases = (
				5741FA21BD5BA951D3869B93 /* [CP] Check Pods Manifest.lock */,
				D6699A9C1EECFACF0068472E /* Sources */,
				D6699A9D1EECFACF0068472E /* Frameworks */,
				D6699A9E1EECFACF0068472E /* Resources */,
				6064B4B3294E34FFE4BBD468 /* [CP] Embed Pods Frameworks */,
				9B33E966778ACB27C6422C5F /* [CP] Copy Pods Resources */,
			);
			buildRules = (
			);
			dependencies = (
				D6699AA21EECFACF0068472E /* PBXTargetDependency */,
			);
			name = BaseMapTests;
			productName = BaseMapTests;
			productReference = D6699AA01EECFACF0068472E /* BaseMapTests.xctest */;
			productType = "com.apple.product-type.bundle.unit-test";
		};
		D6699AAA1EECFACF0068472E /* BaseMapUITests */ = {
			isa = PBXNativeTarget;
			buildConfigurationList = D6699ABA1EECFACF0068472E /* Build configuration list for PBXNativeTarget "BaseMapUITests" */;
			buildPhases = (
				7D5607CA8B81C64548838815 /* [CP] Check Pods Manifest.lock */,
				D6699AA71EECFACF0068472E /* Sources */,
				D6699AA81EECFACF0068472E /* Frameworks */,
				D6699AA91EECFACF0068472E /* Resources */,
				F608CC28CA382966B426507A /* [CP] Embed Pods Frameworks */,
				16A813E0ABB985B5529E9CC5 /* [CP] Copy Pods Resources */,
			);
			buildRules = (
			);
			dependencies = (
				D6699AAD1EECFACF0068472E /* PBXTargetDependency */,
			);
			name = BaseMapUITests;
			productName = BaseMapUITests;
			productReference = D6699AAB1EECFACF0068472E /* BaseMapUITests.xctest */;
			productType = "com.apple.product-type.bundle.ui-testing";
		};
/* End PBXNativeTarget section */

/* Begin PBXProject section */
		D6699A811EECFACF0068472E /* Project object */ = {
			isa = PBXProject;
			attributes = {
				LastSwiftUpdateCheck = 0800;
				LastUpgradeCheck = 0800;
				ORGANIZATIONNAME = "Samip Neupane";
				TargetAttributes = {
					D6699A881EECFACF0068472E = {
						CreatedOnToolsVersion = 8.0;
						ProvisioningStyle = Automatic;
					};
					D6699A9F1EECFACF0068472E = {
						CreatedOnToolsVersion = 8.0;
						ProvisioningStyle = Automatic;
						TestTargetID = D6699A881EECFACF0068472E;
					};
					D6699AAA1EECFACF0068472E = {
						CreatedOnToolsVersion = 8.0;
						ProvisioningStyle = Automatic;
						TestTargetID = D6699A881EECFACF0068472E;
					};
				};
			};
			buildConfigurationList = D6699A841EECFACF0068472E /* Build configuration list for PBXProject "BaseMap" */;
			compatibilityVersion = "Xcode 3.2";
			developmentRegion = English;
			hasScannedForEncodings = 0;
			knownRegions = (
				en,
				Base,
			);
			mainGroup = D6699A801EECFACF0068472E;
			productRefGroup = D6699A8A1EECFACF0068472E /* Products */;
			projectDirPath = "";
			projectRoot = "";
			targets = (
				D6699A881EECFACF0068472E /* BaseMap */,
				D6699A9F1EECFACF0068472E /* BaseMapTests */,
				D6699AAA1EECFACF0068472E /* BaseMapUITests */,
			);
		};
/* End PBXProject section */

/* Begin PBXResourcesBuildPhase section */
		D6699A871EECFACF0068472E /* Resources */ = {
			isa = PBXResourcesBuildPhase;
			buildActionMask = 2147483647;
			files = (
				D6699A9A1EECFACF0068472E /* LaunchScreen.storyboard in Resources */,
				D6C5A7761EF08CE70000DD18 /* states.xml in Resources */,
				D6699A971EECFACF0068472E /* Assets.xcassets in Resources */,
				D6699A921EECFACF0068472E /* Main.storyboard in Resources */,
			);
			runOnlyForDeploymentPostprocessing = 0;
		};
		D6699A9E1EECFACF0068472E /* Resources */ = {
			isa = PBXResourcesBuildPhase;
			buildActionMask = 2147483647;
			files = (
			);
			runOnlyForDeploymentPostprocessing = 0;
		};
		D6699AA91EECFACF0068472E /* Resources */ = {
			isa = PBXResourcesBuildPhase;
			buildActionMask = 2147483647;
			files = (
			);
			runOnlyForDeploymentPostprocessing = 0;
		};
/* End PBXResourcesBuildPhase section */

/* Begin PBXShellScriptBuildPhase section */
		16A813E0ABB985B5529E9CC5 /* [CP] Copy Pods Resources */ = {
			isa = PBXShellScriptBuildPhase;
			buildActionMask = 2147483647;
			files = (
			);
			inputPaths = (
			);
			name = "[CP] Copy Pods Resources";
			outputPaths = (
			);
			runOnlyForDeploymentPostprocessing = 0;
			shellPath = /bin/sh;
			shellScript = "\"${SRCROOT}/Pods/Target Support Files/Pods-BaseMapUITests/Pods-BaseMapUITests-resources.sh\"\n";
			showEnvVarsInLog = 0;
		};
		5741FA21BD5BA951D3869B93 /* [CP] Check Pods Manifest.lock */ = {
			isa = PBXShellScriptBuildPhase;
			buildActionMask = 2147483647;
			files = (
			);
			inputPaths = (
			);
			name = "[CP] Check Pods Manifest.lock";
			outputPaths = (
			);
			runOnlyForDeploymentPostprocessing = 0;
			shellPath = /bin/sh;
			shellScript = "diff \"${PODS_ROOT}/../Podfile.lock\" \"${PODS_ROOT}/Manifest.lock\" > /dev/null\nif [ $? != 0 ] ; then\n    # print error to STDERR\n    echo \"error: The sandbox is not in sync with the Podfile.lock. Run 'pod install' or update your CocoaPods installation.\" >&2\n    exit 1\nfi\n";
			showEnvVarsInLog = 0;
		};
		6064B4B3294E34FFE4BBD468 /* [CP] Embed Pods Frameworks */ = {
			isa = PBXShellScriptBuildPhase;
			buildActionMask = 2147483647;
			files = (
			);
			inputPaths = (
			);
			name = "[CP] Embed Pods Frameworks";
			outputPaths = (
			);
			runOnlyForDeploymentPostprocessing = 0;
			shellPath = /bin/sh;
			shellScript = "\"${SRCROOT}/Pods/Target Support Files/Pods-BaseMapTests/Pods-BaseMapTests-frameworks.sh\"\n";
			showEnvVarsInLog = 0;
		};
		6826AE55B8AB152914C7ACCD /* [CP] Copy Pods Resources */ = {
			isa = PBXShellScriptBuildPhase;
			buildActionMask = 2147483647;
			files = (
			);
			inputPaths = (
			);
			name = "[CP] Copy Pods Resources";
			outputPaths = (
			);
			runOnlyForDeploymentPostprocessing = 0;
			shellPath = /bin/sh;
			shellScript = "\"${SRCROOT}/Pods/Target Support Files/Pods-BaseMap/Pods-BaseMap-resources.sh\"\n";
			showEnvVarsInLog = 0;
		};
		794E361CE9B4B1A6E8E03DE9 /* [CP] Check Pods Manifest.lock */ = {
			isa = PBXShellScriptBuildPhase;
			buildActionMask = 2147483647;
			files = (
			);
			inputPaths = (
			);
			name = "[CP] Check Pods Manifest.lock";
			outputPaths = (
			);
			runOnlyForDeploymentPostprocessing = 0;
			shellPath = /bin/sh;
			shellScript = "diff \"${PODS_ROOT}/../Podfile.lock\" \"${PODS_ROOT}/Manifest.lock\" > /dev/null\nif [ $? != 0 ] ; then\n    # print error to STDERR\n    echo \"error: The sandbox is not in sync with the Podfile.lock. Run 'pod install' or update your CocoaPods installation.\" >&2\n    exit 1\nfi\n";
			showEnvVarsInLog = 0;
		};
		7D5607CA8B81C64548838815 /* [CP] Check Pods Manifest.lock */ = {
			isa = PBXShellScriptBuildPhase;
			buildActionMask = 2147483647;
			files = (
			);
			inputPaths = (
			);
			name = "[CP] Check Pods Manifest.lock";
			outputPaths = (
			);
			runOnlyForDeploymentPostprocessing = 0;
			shellPath = /bin/sh;
			shellScript = "diff \"${PODS_ROOT}/../Podfile.lock\" \"${PODS_ROOT}/Manifest.lock\" > /dev/null\nif [ $? != 0 ] ; then\n    # print error to STDERR\n    echo \"error: The sandbox is not in sync with the Podfile.lock. Run 'pod install' or update your CocoaPods installation.\" >&2\n    exit 1\nfi\n";
			showEnvVarsInLog = 0;
		};
		9B33E966778ACB27C6422C5F /* [CP] Copy Pods Resources */ = {
			isa = PBXShellScriptBuildPhase;
			buildActionMask = 2147483647;
			files = (
			);
			inputPaths = (
			);
			name = "[CP] Copy Pods Resources";
			outputPaths = (
			);
			runOnlyForDeploymentPostprocessing = 0;
			shellPath = /bin/sh;
			shellScript = "\"${SRCROOT}/Pods/Target Support Files/Pods-BaseMapTests/Pods-BaseMapTests-resources.sh\"\n";
			showEnvVarsInLog = 0;
		};
		CE68B00FA3E8F3898BFC4D3B /* [CP] Embed Pods Frameworks */ = {
			isa = PBXShellScriptBuildPhase;
			buildActionMask = 2147483647;
			files = (
			);
			inputPaths = (
			);
			name = "[CP] Embed Pods Frameworks";
			outputPaths = (
			);
			runOnlyForDeploymentPostprocessing = 0;
			shellPath = /bin/sh;
			shellScript = "\"${SRCROOT}/Pods/Target Support Files/Pods-BaseMap/Pods-BaseMap-frameworks.sh\"\n";
			showEnvVarsInLog = 0;
		};
		F608CC28CA382966B426507A /* [CP] Embed Pods Frameworks */ = {
			isa = PBXShellScriptBuildPhase;
			buildActionMask = 2147483647;
			files = (
			);
			inputPaths = (
			);
			name = "[CP] Embed Pods Frameworks";
			outputPaths = (
			);
			runOnlyForDeploymentPostprocessing = 0;
			shellPath = /bin/sh;
			shellScript = "\"${SRCROOT}/Pods/Target Support Files/Pods-BaseMapUITests/Pods-BaseMapUITests-frameworks.sh\"\n";
			showEnvVarsInLog = 0;
		};
/* End PBXShellScriptBuildPhase section */

/* Begin PBXSourcesBuildPhase section */
		D6699A851EECFACF0068472E /* Sources */ = {
			isa = PBXSourcesBuildPhase;
			buildActionMask = 2147483647;
			files = (
				D6C5A7781EF08CF50000DD18 /* States.swift in Sources */,
				D6699A8F1EECFACF0068472E /* ViewController.swift in Sources */,
				D6699A8D1EECFACF0068472E /* AppDelegate.swift in Sources */,
				D6699ABE1EECFAFC0068472E /* Bounds.swift in Sources */,
				D603E7E61EF08EEE00252EB5 /* Parser.swift in Sources */,
				D6699A951EECFACF0068472E /* BaseMap.xcdatamodeld in Sources */,
				D6C5A77A1EF08D090000DD18 /* State.swift in Sources */,
			);
			runOnlyForDeploymentPostprocessing = 0;
		};
		D6699A9C1EECFACF0068472E /* Sources */ = {
			isa = PBXSourcesBuildPhase;
			buildActionMask = 2147483647;
			files = (
				D6699AA51EECFACF0068472E /* BaseMapTests.swift in Sources */,
			);
			runOnlyForDeploymentPostprocessing = 0;
		};
		D6699AA71EECFACF0068472E /* Sources */ = {
			isa = PBXSourcesBuildPhase;
			buildActionMask = 2147483647;
			files = (
				D6699AB01EECFACF0068472E /* BaseMapUITests.swift in Sources */,
			);
			runOnlyForDeploymentPostprocessing = 0;
		};
/* End PBXSourcesBuildPhase section */

/* Begin PBXTargetDependency section */
		D6699AA21EECFACF0068472E /* PBXTargetDependency */ = {
			isa = PBXTargetDependency;
			target = D6699A881EECFACF0068472E /* BaseMap */;
			targetProxy = D6699AA11EECFACF0068472E /* PBXContainerItemProxy */;
		};
		D6699AAD1EECFACF0068472E /* PBXTargetDependency */ = {
			isa = PBXTargetDependency;
			target = D6699A881EECFACF0068472E /* BaseMap */;
			targetProxy = D6699AAC1EECFACF0068472E /* PBXContainerItemProxy */;
		};
/* End PBXTargetDependency section */

/* Begin PBXVariantGroup section */
		D6699A901EECFACF0068472E /* Main.storyboard */ = {
			isa = PBXVariantGroup;
			children = (
				D6699A911EECFACF0068472E /* Base */,
			);
			name = Main.storyboard;
			sourceTree = "<group>";
		};
		D6699A981EECFACF0068472E /* LaunchScreen.storyboard */ = {
			isa = PBXVariantGroup;
			children = (
				D6699A991EECFACF0068472E /* Base */,
			);
			name = LaunchScreen.storyboard;
			sourceTree = "<group>";
		};
/* End PBXVariantGroup section */

/* Begin XCBuildConfiguration section */
		D6699AB21EECFACF0068472E /* Debug */ = {
			isa = XCBuildConfiguration;
			buildSettings = {
				ALWAYS_SEARCH_USER_PATHS = NO;
				CLANG_ANALYZER_NONNULL = YES;
				CLANG_CXX_LANGUAGE_STANDARD = "gnu++0x";
				CLANG_CXX_LIBRARY = "libc++";
				CLANG_ENABLE_MODULES = YES;
				CLANG_ENABLE_OBJC_ARC = YES;
				CLANG_WARN_BOOL_CONVERSION = YES;
				CLANG_WARN_CONSTANT_CONVERSION = YES;
				CLANG_WARN_DIRECT_OBJC_ISA_USAGE = YES_ERROR;
				CLANG_WARN_DOCUMENTATION_COMMENTS = YES;
				CLANG_WARN_EMPTY_BODY = YES;
				CLANG_WARN_ENUM_CONVERSION = YES;
				CLANG_WARN_INFINITE_RECURSION = YES;
				CLANG_WARN_INT_CONVERSION = YES;
				CLANG_WARN_OBJC_ROOT_CLASS = YES_ERROR;
				CLANG_WARN_SUSPICIOUS_MOVES = YES;
				CLANG_WARN_UNREACHABLE_CODE = YES;
				CLANG_WARN__DUPLICATE_METHOD_MATCH = YES;
				"CODE_SIGN_IDENTITY[sdk=iphoneos*]" = "iPhone Developer";
				COPY_PHASE_STRIP = NO;
				DEBUG_INFORMATION_FORMAT = dwarf;
				ENABLE_STRICT_OBJC_MSGSEND = YES;
				ENABLE_TESTABILITY = YES;
				GCC_C_LANGUAGE_STANDARD = gnu99;
				GCC_DYNAMIC_NO_PIC = NO;
				GCC_NO_COMMON_BLOCKS = YES;
				GCC_OPTIMIZATION_LEVEL = 0;
				GCC_PREPROCESSOR_DEFINITIONS = (
					"DEBUG=1",
					"$(inherited)",
				);
				GCC_WARN_64_TO_32_BIT_CONVERSION = YES;
				GCC_WARN_ABOUT_RETURN_TYPE = YES_ERROR;
				GCC_WARN_UNDECLARED_SELECTOR = YES;
				GCC_WARN_UNINITIALIZED_AUTOS = YES_AGGRESSIVE;
				GCC_WARN_UNUSED_FUNCTION = YES;
				GCC_WARN_UNUSED_VARIABLE = YES;
				IPHONEOS_DEPLOYMENT_TARGET = 10.0;
				MTL_ENABLE_DEBUG_INFO = YES;
				ONLY_ACTIVE_ARCH = YES;
				SDKROOT = iphoneos;
				SWIFT_ACTIVE_COMPILATION_CONDITIONS = DEBUG;
				SWIFT_OPTIMIZATION_LEVEL = "-Onone";
				TARGETED_DEVICE_FAMILY = "1,2";
			};
			name = Debug;
		};
		D6699AB31EECFACF0068472E /* Release */ = {
			isa = XCBuildConfiguration;
			buildSettings = {
				ALWAYS_SEARCH_USER_PATHS = NO;
				CLANG_ANALYZER_NONNULL = YES;
				CLANG_CXX_LANGUAGE_STANDARD = "gnu++0x";
				CLANG_CXX_LIBRARY = "libc++";
				CLANG_ENABLE_MODULES = YES;
				CLANG_ENABLE_OBJC_ARC = YES;
				CLANG_WARN_BOOL_CONVERSION = YES;
				CLANG_WARN_CONSTANT_CONVERSION = YES;
				CLANG_WARN_DIRECT_OBJC_ISA_USAGE = YES_ERROR;
				CLANG_WARN_DOCUMENTATION_COMMENTS = YES;
				CLANG_WARN_EMPTY_BODY = YES;
				CLANG_WARN_ENUM_CONVERSION = YES;
				CLANG_WARN_INFINITE_RECURSION = YES;
				CLANG_WARN_INT_CONVERSION = YES;
				CLANG_WARN_OBJC_ROOT_CLASS = YES_ERROR;
				CLANG_WARN_SUSPICIOUS_MOVES = YES;
				CLANG_WARN_UNREACHABLE_CODE = YES;
				CLANG_WARN__DUPLICATE_METHOD_MATCH = YES;
				"CODE_SIGN_IDENTITY[sdk=iphoneos*]" = "iPhone Developer";
				COPY_PHASE_STRIP = NO;
				DEBUG_INFORMATION_FORMAT = "dwarf-with-dsym";
				ENABLE_NS_ASSERTIONS = NO;
				ENABLE_STRICT_OBJC_MSGSEND = YES;
				GCC_C_LANGUAGE_STANDARD = gnu99;
				GCC_NO_COMMON_BLOCKS = YES;
				GCC_WARN_64_TO_32_BIT_CONVERSION = YES;
				GCC_WARN_ABOUT_RETURN_TYPE = YES_ERROR;
				GCC_WARN_UNDECLARED_SELECTOR = YES;
				GCC_WARN_UNINITIALIZED_AUTOS = YES_AGGRESSIVE;
				GCC_WARN_UNUSED_FUNCTION = YES;
				GCC_WARN_UNUSED_VARIABLE = YES;
				IPHONEOS_DEPLOYMENT_TARGET = 10.0;
				MTL_ENABLE_DEBUG_INFO = NO;
				SDKROOT = iphoneos;
				SWIFT_OPTIMIZATION_LEVEL = "-Owholemodule";
				TARGETED_DEVICE_FAMILY = "1,2";
				VALIDATE_PRODUCT = YES;
			};
			name = Release;
		};
		D6699AB51EECFACF0068472E /* Debug */ = {
			isa = XCBuildConfiguration;
			baseConfigurationReference = F819D86E07151436CA36FDAB /* Pods-BaseMap.debug.xcconfig */;
			buildSettings = {
				ASSETCATALOG_COMPILER_APPICON_NAME = AppIcon;
				INFOPLIST_FILE = BaseMap/Info.plist;
				LD_RUNPATH_SEARCH_PATHS = "$(inherited) @executable_path/Frameworks";
				PRODUCT_BUNDLE_IDENTIFIER = sneu012.com.BaseMap;
				PRODUCT_NAME = "$(TARGET_NAME)";
				SWIFT_VERSION = 3.0;
			};
			name = Debug;
		};
		D6699AB61EECFACF0068472E /* Release */ = {
			isa = XCBuildConfiguration;
			baseConfigurationReference = CC596CFAF3E6EDB1D5BCAAAD /* Pods-BaseMap.release.xcconfig */;
			buildSettings = {
				ASSETCATALOG_COMPILER_APPICON_NAME = AppIcon;
				INFOPLIST_FILE = BaseMap/Info.plist;
				LD_RUNPATH_SEARCH_PATHS = "$(inherited) @executable_path/Frameworks";
				PRODUCT_BUNDLE_IDENTIFIER = sneu012.com.BaseMap;
				PRODUCT_NAME = "$(TARGET_NAME)";
				SWIFT_VERSION = 3.0;
			};
			name = Release;
		};
		D6699AB81EECFACF0068472E /* Debug */ = {
			isa = XCBuildConfiguration;
			baseConfigurationReference = 1693D074345D55028881DBCD /* Pods-BaseMapTests.debug.xcconfig */;
			buildSettings = {
				ALWAYS_EMBED_SWIFT_STANDARD_LIBRARIES = YES;
				BUNDLE_LOADER = "$(TEST_HOST)";
				INFOPLIST_FILE = BaseMapTests/Info.plist;
				LD_RUNPATH_SEARCH_PATHS = "$(inherited) @executable_path/Frameworks @loader_path/Frameworks";
				PRODUCT_BUNDLE_IDENTIFIER = sneu012.com.BaseMapTests;
				PRODUCT_NAME = "$(TARGET_NAME)";
				SWIFT_VERSION = 3.0;
				TEST_HOST = "$(BUILT_PRODUCTS_DIR)/BaseMap.app/BaseMap";
			};
			name = Debug;
		};
		D6699AB91EECFACF0068472E /* Release */ = {
			isa = XCBuildConfiguration;
			baseConfigurationReference = F277AB1527BBEE986529E3C5 /* Pods-BaseMapTests.release.xcconfig */;
			buildSettings = {
				ALWAYS_EMBED_SWIFT_STANDARD_LIBRARIES = YES;
				BUNDLE_LOADER = "$(TEST_HOST)";
				INFOPLIST_FILE = BaseMapTests/Info.plist;
				LD_RUNPATH_SEARCH_PATHS = "$(inherited) @executable_path/Frameworks @loader_path/Frameworks";
				PRODUCT_BUNDLE_IDENTIFIER = sneu012.com.BaseMapTests;
				PRODUCT_NAME = "$(TARGET_NAME)";
				SWIFT_VERSION = 3.0;
				TEST_HOST = "$(BUILT_PRODUCTS_DIR)/BaseMap.app/BaseMap";
			};
			name = Release;
		};
		D6699ABB1EECFACF0068472E /* Debug */ = {
			isa = XCBuildConfiguration;
			baseConfigurationReference = 3AA924B166FC328EEC044C3C /* Pods-BaseMapUITests.debug.xcconfig */;
			buildSettings = {
				ALWAYS_EMBED_SWIFT_STANDARD_LIBRARIES = YES;
				INFOPLIST_FILE = BaseMapUITests/Info.plist;
				LD_RUNPATH_SEARCH_PATHS = "$(inherited) @executable_path/Frameworks @loader_path/Frameworks";
				PRODUCT_BUNDLE_IDENTIFIER = sneu012.com.BaseMapUITests;
				PRODUCT_NAME = "$(TARGET_NAME)";
				SWIFT_VERSION = 3.0;
				TEST_TARGET_NAME = BaseMap;
			};
			name = Debug;
		};
		D6699ABC1EECFACF0068472E /* Release */ = {
			isa = XCBuildConfiguration;
			baseConfigurationReference = 0AAA105D0EA04D3F22755B11 /* Pods-BaseMapUITests.release.xcconfig */;
			buildSettings = {
				ALWAYS_EMBED_SWIFT_STANDARD_LIBRARIES = YES;
				INFOPLIST_FILE = BaseMapUITests/Info.plist;
				LD_RUNPATH_SEARCH_PATHS = "$(inherited) @executable_path/Frameworks @loader_path/Frameworks";
				PRODUCT_BUNDLE_IDENTIFIER = sneu012.com.BaseMapUITests;
				PRODUCT_NAME = "$(TARGET_NAME)";
				SWIFT_VERSION = 3.0;
				TEST_TARGET_NAME = BaseMap;
			};
			name = Release;
		};
/* End XCBuildConfiguration section */

/* Begin XCConfigurationList section */
		D6699A841EECFACF0068472E /* Build configuration list for PBXProject "BaseMap" */ = {
			isa = XCConfigurationList;
			buildConfigurations = (
				D6699AB21EECFACF0068472E /* Debug */,
				D6699AB31EECFACF0068472E /* Release */,
			);
			defaultConfigurationIsVisible = 0;
			defaultConfigurationName = Release;
		};
		D6699AB41EECFACF0068472E /* Build configuration list for PBXNativeTarget "BaseMap" */ = {
			isa = XCConfigurationList;
			buildConfigurations = (
				D6699AB51EECFACF0068472E /* Debug */,
				D6699AB61EECFACF0068472E /* Release */,
			);
			defaultConfigurationIsVisible = 0;
			defaultConfigurationName = Release;
		};
		D6699AB71EECFACF0068472E /* Build configuration list for PBXNativeTarget "BaseMapTests" */ = {
			isa = XCConfigurationList;
			buildConfigurations = (
				D6699AB81EECFACF0068472E /* Debug */,
				D6699AB91EECFACF0068472E /* Release */,
			);
			defaultConfigurationIsVisible = 0;
			defaultConfigurationName = Release;
		};
		D6699ABA1EECFACF0068472E /* Build configuration list for PBXNativeTarget "BaseMapUITests" */ = {
			isa = XCConfigurationList;
			buildConfigurations = (
				D6699ABB1EECFACF0068472E /* Debug */,
				D6699ABC1EECFACF0068472E /* Release */,
			);
			defaultConfigurationIsVisible = 0;
			defaultConfigurationName = Release;
		};
/* End XCConfigurationList section */

/* Begin XCVersionGroup section */
		D6699A931EECFACF0068472E /* BaseMap.xcdatamodeld */ = {
			isa = XCVersionGroup;
			children = (
				D6699A941EECFACF0068472E /* BaseMap.xcdatamodel */,
			);
			currentVersion = D6699A941EECFACF0068472E /* BaseMap.xcdatamodel */;
			path = BaseMap.xcdatamodeld;
			sourceTree = "<group>";
			versionGroupType = wrapper.xcdatamodel;
		};
/* End XCVersionGroup section */
	};
	rootObject = D6699A811EECFACF0068472E /* Project object */;
}
